// !$*UTF8*$!
{
	archiveVersion = 1;
	classes = {
	};
	objectVersion = 77;
	objects = {

/* Begin PBXBuildFile section */
		CC134E9D2CC365DC000599FF /* pohang_egrets_watch Watch App.app in Embed Watch Content */ = {isa = PBXBuildFile; fileRef = CC134E7A2CC365DB000599FF /* pohang_egrets_watch Watch App.app */; settings = {ATTRIBUTES = (RemoveHeadersOnCopy, ); }; };
/* End PBXBuildFile section */

/* Begin PBXContainerItemProxy section */
		CC134E562CC362A9000599FF /* PBXContainerItemProxy */ = {
			isa = PBXContainerItemProxy;
			containerPortal = CC134E3D2CC362A8000599FF /* Project object */;
			proxyType = 1;
			remoteGlobalIDString = CC134E442CC362A8000599FF;
			remoteInfo = pohang_egrets;
		};
		CC134E602CC362A9000599FF /* PBXContainerItemProxy */ = {
			isa = PBXContainerItemProxy;
			containerPortal = CC134E3D2CC362A8000599FF /* Project object */;
			proxyType = 1;
			remoteGlobalIDString = CC134E442CC362A8000599FF;
			remoteInfo = pohang_egrets;
		};
		CC134E8A2CC365DC000599FF /* PBXContainerItemProxy */ = {
			isa = PBXContainerItemProxy;
			containerPortal = CC134E3D2CC362A8000599FF /* Project object */;
			proxyType = 1;
			remoteGlobalIDString = CC134E792CC365DB000599FF;
			remoteInfo = "pohang_egrets_watch Watch App";
		};
		CC134E942CC365DC000599FF /* PBXContainerItemProxy */ = {
			isa = PBXContainerItemProxy;
			containerPortal = CC134E3D2CC362A8000599FF /* Project object */;
			proxyType = 1;
			remoteGlobalIDString = CC134E792CC365DB000599FF;
			remoteInfo = "pohang_egrets_watch Watch App";
		};
		CC134E9B2CC365DC000599FF /* PBXContainerItemProxy */ = {
			isa = PBXContainerItemProxy;
			containerPortal = CC134E3D2CC362A8000599FF /* Project object */;
			proxyType = 1;
			remoteGlobalIDString = CC134E792CC365DB000599FF;
			remoteInfo = "pohang_egrets_watch Watch App";
		};
/* End PBXContainerItemProxy section */

/* Begin PBXCopyFilesBuildPhase section */
		CC134EA12CC365DC000599FF /* Embed Watch Content */ = {
			isa = PBXCopyFilesBuildPhase;
			buildActionMask = 2147483647;
			dstPath = "$(CONTENTS_FOLDER_PATH)/Watch";
			dstSubfolderSpec = 16;
			files = (
				CC134E9D2CC365DC000599FF /* pohang_egrets_watch Watch App.app in Embed Watch Content */,
			);
			name = "Embed Watch Content";
			runOnlyForDeploymentPostprocessing = 0;
		};
/* End PBXCopyFilesBuildPhase section */

/* Begin PBXFileReference section */
		CC134E452CC362A8000599FF /* pohang_egrets.app */ = {isa = PBXFileReference; explicitFileType = wrapper.application; includeInIndex = 0; path = pohang_egrets.app; sourceTree = BUILT_PRODUCTS_DIR; };
		CC134E552CC362A9000599FF /* pohang_egretsTests.xctest */ = {isa = PBXFileReference; explicitFileType = wrapper.cfbundle; includeInIndex = 0; path = pohang_egretsTests.xctest; sourceTree = BUILT_PRODUCTS_DIR; };
		CC134E5F2CC362A9000599FF /* pohang_egretsUITests.xctest */ = {isa = PBXFileReference; explicitFileType = wrapper.cfbundle; includeInIndex = 0; path = pohang_egretsUITests.xctest; sourceTree = BUILT_PRODUCTS_DIR; };
		CC134E7A2CC365DB000599FF /* pohang_egrets_watch Watch App.app */ = {isa = PBXFileReference; explicitFileType = wrapper.application; includeInIndex = 0; path = "pohang_egrets_watch Watch App.app"; sourceTree = BUILT_PRODUCTS_DIR; };
		CC134E892CC365DC000599FF /* pohang_egrets_watch Watch AppTests.xctest */ = {isa = PBXFileReference; explicitFileType = wrapper.cfbundle; includeInIndex = 0; path = "pohang_egrets_watch Watch AppTests.xctest"; sourceTree = BUILT_PRODUCTS_DIR; };
		CC134E932CC365DC000599FF /* pohang_egrets_watch Watch AppUITests.xctest */ = {isa = PBXFileReference; explicitFileType = wrapper.cfbundle; includeInIndex = 0; path = "pohang_egrets_watch Watch AppUITests.xctest"; sourceTree = BUILT_PRODUCTS_DIR; };
/* End PBXFileReference section */

/* Begin PBXFileSystemSynchronizedBuildFileExceptionSet section */
		CC134EB22CC3663D000599FF /* Exceptions for "pohang_egrets" folder in "pohang_egrets" target */ = {
			isa = PBXFileSystemSynchronizedBuildFileExceptionSet;
			membershipExceptions = (
				App/pohang_egrets_watchApp.swift,
				"Preview Content/Preview Assets+Watch.xcassets",
				"Resource/Assets+iPhone.xcassets",
				Source/Domain/UseCase/Watch/LiveWorkout.swift,
				Source/Presentation/Watch/Main/View/MainView.swift,
				Source/Presentation/Watch/Main/ViewModel/MainViewModel.swift,
				"Source/Test/pohang_egrets_watch Watch AppTests/pohang_egrets_watch_Watch_AppTests.swift",
				"Source/Test/pohang_egrets_watch Watch AppUITests/pohang_egrets_watch_Watch_AppUITests.swift",
				"Source/Test/pohang_egrets_watch Watch AppUITests/pohang_egrets_watch_Watch_AppUITestsLaunchTests.swift",
				Source/Test/pohang_egretsTests/pohang_egretsTests.swift,
				Source/Test/pohang_egretsUITests/pohang_egretsUITests.swift,
				Source/Test/pohang_egretsUITests/pohang_egretsUITestsLaunchTests.swift,
			);
			target = CC134E442CC362A8000599FF /* pohang_egrets */;
		};
		CC134EB32CC3663D000599FF /* Exceptions for "pohang_egrets" folder in "pohang_egretsTests" target */ = {
			isa = PBXFileSystemSynchronizedBuildFileExceptionSet;
			membershipExceptions = (
				Source/Test/pohang_egretsTests/pohang_egretsTests.swift,
			);
			target = CC134E542CC362A9000599FF /* pohang_egretsTests */;
		};
		CC134EB42CC3663D000599FF /* Exceptions for "pohang_egrets" folder in "pohang_egretsUITests" target */ = {
			isa = PBXFileSystemSynchronizedBuildFileExceptionSet;
			membershipExceptions = (
				Source/Test/pohang_egretsUITests/pohang_egretsUITests.swift,
				Source/Test/pohang_egretsUITests/pohang_egretsUITestsLaunchTests.swift,
			);
			target = CC134E5E2CC362A9000599FF /* pohang_egretsUITests */;
		};
		CC134EC12CC36685000599FF /* Exceptions for "pohang_egrets" folder in "pohang_egrets_watch Watch AppTests" target */ = {
			isa = PBXFileSystemSynchronizedBuildFileExceptionSet;
			membershipExceptions = (
				"Source/Test/pohang_egrets_watch Watch AppTests/pohang_egrets_watch_Watch_AppTests.swift",
			);
			target = CC134E882CC365DC000599FF /* pohang_egrets_watch Watch AppTests */;
		};
		CC134EC22CC36685000599FF /* Exceptions for "pohang_egrets" folder in "pohang_egrets_watch Watch AppUITests" target */ = {
			isa = PBXFileSystemSynchronizedBuildFileExceptionSet;
			membershipExceptions = (
				"Source/Test/pohang_egrets_watch Watch AppUITests/pohang_egrets_watch_Watch_AppUITests.swift",
				"Source/Test/pohang_egrets_watch Watch AppUITests/pohang_egrets_watch_Watch_AppUITestsLaunchTests.swift",
			);
			target = CC134E922CC365DC000599FF /* pohang_egrets_watch Watch AppUITests */;
		};
		CC134EEE2CC3A52C000599FF /* Exceptions for "pohang_egrets" folder in "pohang_egrets_watch Watch App" target */ = {
			isa = PBXFileSystemSynchronizedBuildFileExceptionSet;
			membershipExceptions = (
				App/pohang_egrets_watchApp.swift,
				"Preview Content/Preview Assets+Watch.xcassets",
				"Resource/Assets+iPhone.xcassets",
				Source/Domain/UseCase/Watch/LiveWorkout.swift,
				Source/Presentation/Watch/Main/View/MainView.swift,
				Source/Presentation/Watch/Main/ViewModel/MainViewModel.swift,
			);
			target = CC134E792CC365DB000599FF /* pohang_egrets_watch Watch App */;
		};
/* End PBXFileSystemSynchronizedBuildFileExceptionSet section */

/* Begin PBXFileSystemSynchronizedRootGroup section */
		CC134E472CC362A8000599FF /* pohang_egrets */ = {
			isa = PBXFileSystemSynchronizedRootGroup;
			exceptions = (
				CC134EB22CC3663D000599FF /* Exceptions for "pohang_egrets" folder in "pohang_egrets" target */,
				CC134EB32CC3663D000599FF /* Exceptions for "pohang_egrets" folder in "pohang_egretsTests" target */,
				CC134EB42CC3663D000599FF /* Exceptions for "pohang_egrets" folder in "pohang_egretsUITests" target */,
				CC134EEE2CC3A52C000599FF /* Exceptions for "pohang_egrets" folder in "pohang_egrets_watch Watch App" target */,
				CC134EC12CC36685000599FF /* Exceptions for "pohang_egrets" folder in "pohang_egrets_watch Watch AppTests" target */,
				CC134EC22CC36685000599FF /* Exceptions for "pohang_egrets" folder in "pohang_egrets_watch Watch AppUITests" target */,
			);
			path = pohang_egrets;
			sourceTree = "<group>";
		};
/* End PBXFileSystemSynchronizedRootGroup section */

/* Begin PBXFrameworksBuildPhase section */
		CC134E422CC362A8000599FF /* Frameworks */ = {
			isa = PBXFrameworksBuildPhase;
			buildActionMask = 2147483647;
			files = (
			);
			runOnlyForDeploymentPostprocessing = 0;
		};
		CC134E522CC362A9000599FF /* Frameworks */ = {
			isa = PBXFrameworksBuildPhase;
			buildActionMask = 2147483647;
			files = (
			);
			runOnlyForDeploymentPostprocessing = 0;
		};
		CC134E5C2CC362A9000599FF /* Frameworks */ = {
			isa = PBXFrameworksBuildPhase;
			buildActionMask = 2147483647;
			files = (
			);
			runOnlyForDeploymentPostprocessing = 0;
		};
		CC134E772CC365DB000599FF /* Frameworks */ = {
			isa = PBXFrameworksBuildPhase;
			buildActionMask = 2147483647;
			files = (
			);
			runOnlyForDeploymentPostprocessing = 0;
		};
		CC134E862CC365DC000599FF /* Frameworks */ = {
			isa = PBXFrameworksBuildPhase;
			buildActionMask = 2147483647;
			files = (
			);
			runOnlyForDeploymentPostprocessing = 0;
		};
		CC134E902CC365DC000599FF /* Frameworks */ = {
			isa = PBXFrameworksBuildPhase;
			buildActionMask = 2147483647;
			files = (
			);
			runOnlyForDeploymentPostprocessing = 0;
		};
/* End PBXFrameworksBuildPhase section */

/* Begin PBXGroup section */
		CC134E3C2CC362A8000599FF = {
			isa = PBXGroup;
			children = (
				CC134E472CC362A8000599FF /* pohang_egrets */,
				CC134E462CC362A8000599FF /* Products */,
			);
			sourceTree = "<group>";
		};
		CC134E462CC362A8000599FF /* Products */ = {
			isa = PBXGroup;
			children = (
				CC134E452CC362A8000599FF /* pohang_egrets.app */,
				CC134E552CC362A9000599FF /* pohang_egretsTests.xctest */,
				CC134E5F2CC362A9000599FF /* pohang_egretsUITests.xctest */,
				CC134E7A2CC365DB000599FF /* pohang_egrets_watch Watch App.app */,
				CC134E892CC365DC000599FF /* pohang_egrets_watch Watch AppTests.xctest */,
				CC134E932CC365DC000599FF /* pohang_egrets_watch Watch AppUITests.xctest */,
			);
			name = Products;
			sourceTree = "<group>";
		};
/* End PBXGroup section */

/* Begin PBXNativeTarget section */
		CC134E442CC362A8000599FF /* pohang_egrets */ = {
			isa = PBXNativeTarget;
			buildConfigurationList = CC134E692CC362A9000599FF /* Build configuration list for PBXNativeTarget "pohang_egrets" */;
			buildPhases = (
				CC134E412CC362A8000599FF /* Sources */,
				CC134E422CC362A8000599FF /* Frameworks */,
				CC134E432CC362A8000599FF /* Resources */,
				CC134EA12CC365DC000599FF /* Embed Watch Content */,
			);
			buildRules = (
			);
			dependencies = (
				CC134E9C2CC365DC000599FF /* PBXTargetDependency */,
			);
			fileSystemSynchronizedGroups = (
				CC134E472CC362A8000599FF /* pohang_egrets */,
			);
			name = pohang_egrets;
			packageProductDependencies = (
			);
			productName = pohang_egrets;
			productReference = CC134E452CC362A8000599FF /* pohang_egrets.app */;
			productType = "com.apple.product-type.application";
		};
		CC134E542CC362A9000599FF /* pohang_egretsTests */ = {
			isa = PBXNativeTarget;
			buildConfigurationList = CC134E6C2CC362A9000599FF /* Build configuration list for PBXNativeTarget "pohang_egretsTests" */;
			buildPhases = (
				CC134E512CC362A9000599FF /* Sources */,
				CC134E522CC362A9000599FF /* Frameworks */,
				CC134E532CC362A9000599FF /* Resources */,
			);
			buildRules = (
			);
			dependencies = (
				CC134E572CC362A9000599FF /* PBXTargetDependency */,
			);
			name = pohang_egretsTests;
			packageProductDependencies = (
			);
			productName = pohang_egretsTests;
			productReference = CC134E552CC362A9000599FF /* pohang_egretsTests.xctest */;
			productType = "com.apple.product-type.bundle.unit-test";
		};
		CC134E5E2CC362A9000599FF /* pohang_egretsUITests */ = {
			isa = PBXNativeTarget;
			buildConfigurationList = CC134E6F2CC362A9000599FF /* Build configuration list for PBXNativeTarget "pohang_egretsUITests" */;
			buildPhases = (
				CC134E5B2CC362A9000599FF /* Sources */,
				CC134E5C2CC362A9000599FF /* Frameworks */,
				CC134E5D2CC362A9000599FF /* Resources */,
			);
			buildRules = (
			);
			dependencies = (
				CC134E612CC362A9000599FF /* PBXTargetDependency */,
			);
			name = pohang_egretsUITests;
			packageProductDependencies = (
			);
			productName = pohang_egretsUITests;
			productReference = CC134E5F2CC362A9000599FF /* pohang_egretsUITests.xctest */;
			productType = "com.apple.product-type.bundle.ui-testing";
		};
		CC134E792CC365DB000599FF /* pohang_egrets_watch Watch App */ = {
			isa = PBXNativeTarget;
			buildConfigurationList = CC134E9E2CC365DC000599FF /* Build configuration list for PBXNativeTarget "pohang_egrets_watch Watch App" */;
			buildPhases = (
				CC134E762CC365DB000599FF /* Sources */,
				CC134E772CC365DB000599FF /* Frameworks */,
				CC134E782CC365DB000599FF /* Resources */,
			);
			buildRules = (
			);
			dependencies = (
			);
			name = "pohang_egrets_watch Watch App";
			packageProductDependencies = (
			);
			productName = "pohang_egrets_watch Watch App";
			productReference = CC134E7A2CC365DB000599FF /* pohang_egrets_watch Watch App.app */;
			productType = "com.apple.product-type.application";
		};
		CC134E882CC365DC000599FF /* pohang_egrets_watch Watch AppTests */ = {
			isa = PBXNativeTarget;
			buildConfigurationList = CC134EA22CC365DC000599FF /* Build configuration list for PBXNativeTarget "pohang_egrets_watch Watch AppTests" */;
			buildPhases = (
				CC134E852CC365DC000599FF /* Sources */,
				CC134E862CC365DC000599FF /* Frameworks */,
				CC134E872CC365DC000599FF /* Resources */,
			);
			buildRules = (
			);
			dependencies = (
				CC134E8B2CC365DC000599FF /* PBXTargetDependency */,
			);
			name = "pohang_egrets_watch Watch AppTests";
			packageProductDependencies = (
			);
			productName = "pohang_egrets_watch Watch AppTests";
			productReference = CC134E892CC365DC000599FF /* pohang_egrets_watch Watch AppTests.xctest */;
			productType = "com.apple.product-type.bundle.unit-test";
		};
		CC134E922CC365DC000599FF /* pohang_egrets_watch Watch AppUITests */ = {
			isa = PBXNativeTarget;
			buildConfigurationList = CC134EA52CC365DC000599FF /* Build configuration list for PBXNativeTarget "pohang_egrets_watch Watch AppUITests" */;
			buildPhases = (
				CC134E8F2CC365DC000599FF /* Sources */,
				CC134E902CC365DC000599FF /* Frameworks */,
				CC134E912CC365DC000599FF /* Resources */,
			);
			buildRules = (
			);
			dependencies = (
				CC134E952CC365DC000599FF /* PBXTargetDependency */,
			);
			name = "pohang_egrets_watch Watch AppUITests";
			packageProductDependencies = (
			);
			productName = "pohang_egrets_watch Watch AppUITests";
			productReference = CC134E932CC365DC000599FF /* pohang_egrets_watch Watch AppUITests.xctest */;
			productType = "com.apple.product-type.bundle.ui-testing";
		};
/* End PBXNativeTarget section */

/* Begin PBXProject section */
		CC134E3D2CC362A8000599FF /* Project object */ = {
			isa = PBXProject;
			attributes = {
				BuildIndependentTargetsInParallel = 1;
				LastSwiftUpdateCheck = 1600;
				LastUpgradeCheck = 1600;
				TargetAttributes = {
					CC134E442CC362A8000599FF = {
						CreatedOnToolsVersion = 16.0;
					};
					CC134E542CC362A9000599FF = {
						CreatedOnToolsVersion = 16.0;
						TestTargetID = CC134E442CC362A8000599FF;
					};
					CC134E5E2CC362A9000599FF = {
						CreatedOnToolsVersion = 16.0;
						TestTargetID = CC134E442CC362A8000599FF;
					};
					CC134E792CC365DB000599FF = {
						CreatedOnToolsVersion = 16.0;
					};
					CC134E882CC365DC000599FF = {
						CreatedOnToolsVersion = 16.0;
						TestTargetID = CC134E792CC365DB000599FF;
					};
					CC134E922CC365DC000599FF = {
						CreatedOnToolsVersion = 16.0;
						TestTargetID = CC134E792CC365DB000599FF;
					};
				};
			};
			buildConfigurationList = CC134E402CC362A8000599FF /* Build configuration list for PBXProject "pohang_egrets" */;
			developmentRegion = en;
			hasScannedForEncodings = 0;
			knownRegions = (
				en,
				Base,
			);
			mainGroup = CC134E3C2CC362A8000599FF;
			minimizedProjectReferenceProxies = 1;
			preferredProjectObjectVersion = 77;
			productRefGroup = CC134E462CC362A8000599FF /* Products */;
			projectDirPath = "";
			projectRoot = "";
			targets = (
				CC134E442CC362A8000599FF /* pohang_egrets */,
				CC134E542CC362A9000599FF /* pohang_egretsTests */,
				CC134E5E2CC362A9000599FF /* pohang_egretsUITests */,
				CC134E792CC365DB000599FF /* pohang_egrets_watch Watch App */,
				CC134E882CC365DC000599FF /* pohang_egrets_watch Watch AppTests */,
				CC134E922CC365DC000599FF /* pohang_egrets_watch Watch AppUITests */,
			);
		};
/* End PBXProject section */

/* Begin PBXResourcesBuildPhase section */
		CC134E432CC362A8000599FF /* Resources */ = {
			isa = PBXResourcesBuildPhase;
			buildActionMask = 2147483647;
			files = (
			);
			runOnlyForDeploymentPostprocessing = 0;
		};
		CC134E532CC362A9000599FF /* Resources */ = {
			isa = PBXResourcesBuildPhase;
			buildActionMask = 2147483647;
			files = (
			);
			runOnlyForDeploymentPostprocessing = 0;
		};
		CC134E5D2CC362A9000599FF /* Resources */ = {
			isa = PBXResourcesBuildPhase;
			buildActionMask = 2147483647;
			files = (
			);
			runOnlyForDeploymentPostprocessing = 0;
		};
		CC134E782CC365DB000599FF /* Resources */ = {
			isa = PBXResourcesBuildPhase;
			buildActionMask = 2147483647;
			files = (
			);
			runOnlyForDeploymentPostprocessing = 0;
		};
		CC134E872CC365DC000599FF /* Resources */ = {
			isa = PBXResourcesBuildPhase;
			buildActionMask = 2147483647;
			files = (
			);
			runOnlyForDeploymentPostprocessing = 0;
		};
		CC134E912CC365DC000599FF /* Resources */ = {
			isa = PBXResourcesBuildPhase;
			buildActionMask = 2147483647;
			files = (
			);
			runOnlyForDeploymentPostprocessing = 0;
		};
/* End PBXResourcesBuildPhase section */

/* Begin PBXSourcesBuildPhase section */
		CC134E412CC362A8000599FF /* Sources */ = {
			isa = PBXSourcesBuildPhase;
			buildActionMask = 2147483647;
			files = (
			);
			runOnlyForDeploymentPostprocessing = 0;
		};
		CC134E512CC362A9000599FF /* Sources */ = {
			isa = PBXSourcesBuildPhase;
			buildActionMask = 2147483647;
			files = (
			);
			runOnlyForDeploymentPostprocessing = 0;
		};
		CC134E5B2CC362A9000599FF /* Sources */ = {
			isa = PBXSourcesBuildPhase;
			buildActionMask = 2147483647;
			files = (
			);
			runOnlyForDeploymentPostprocessing = 0;
		};
		CC134E762CC365DB000599FF /* Sources */ = {
			isa = PBXSourcesBuildPhase;
			buildActionMask = 2147483647;
			files = (
			);
			runOnlyForDeploymentPostprocessing = 0;
		};
		CC134E852CC365DC000599FF /* Sources */ = {
			isa = PBXSourcesBuildPhase;
			buildActionMask = 2147483647;
			files = (
			);
			runOnlyForDeploymentPostprocessing = 0;
		};
		CC134E8F2CC365DC000599FF /* Sources */ = {
			isa = PBXSourcesBuildPhase;
			buildActionMask = 2147483647;
			files = (
			);
			runOnlyForDeploymentPostprocessing = 0;
		};
/* End PBXSourcesBuildPhase section */

/* Begin PBXTargetDependency section */
		CC134E572CC362A9000599FF /* PBXTargetDependency */ = {
			isa = PBXTargetDependency;
			target = CC134E442CC362A8000599FF /* pohang_egrets */;
			targetProxy = CC134E562CC362A9000599FF /* PBXContainerItemProxy */;
		};
		CC134E612CC362A9000599FF /* PBXTargetDependency */ = {
			isa = PBXTargetDependency;
			target = CC134E442CC362A8000599FF /* pohang_egrets */;
			targetProxy = CC134E602CC362A9000599FF /* PBXContainerItemProxy */;
		};
		CC134E8B2CC365DC000599FF /* PBXTargetDependency */ = {
			isa = PBXTargetDependency;
			target = CC134E792CC365DB000599FF /* pohang_egrets_watch Watch App */;
			targetProxy = CC134E8A2CC365DC000599FF /* PBXContainerItemProxy */;
		};
		CC134E952CC365DC000599FF /* PBXTargetDependency */ = {
			isa = PBXTargetDependency;
			target = CC134E792CC365DB000599FF /* pohang_egrets_watch Watch App */;
			targetProxy = CC134E942CC365DC000599FF /* PBXContainerItemProxy */;
		};
		CC134E9C2CC365DC000599FF /* PBXTargetDependency */ = {
			isa = PBXTargetDependency;
			target = CC134E792CC365DB000599FF /* pohang_egrets_watch Watch App */;
			targetProxy = CC134E9B2CC365DC000599FF /* PBXContainerItemProxy */;
		};
/* End PBXTargetDependency section */

/* Begin XCBuildConfiguration section */
		CC134E672CC362A9000599FF /* Debug */ = {
			isa = XCBuildConfiguration;
			buildSettings = {
				ALWAYS_SEARCH_USER_PATHS = NO;
				ASSETCATALOG_COMPILER_GENERATE_SWIFT_ASSET_SYMBOL_EXTENSIONS = YES;
				CLANG_ANALYZER_NONNULL = YES;
				CLANG_ANALYZER_NUMBER_OBJECT_CONVERSION = YES_AGGRESSIVE;
				CLANG_CXX_LANGUAGE_STANDARD = "gnu++20";
				CLANG_ENABLE_MODULES = YES;
				CLANG_ENABLE_OBJC_ARC = YES;
				CLANG_ENABLE_OBJC_WEAK = YES;
				CLANG_WARN_BLOCK_CAPTURE_AUTORELEASING = YES;
				CLANG_WARN_BOOL_CONVERSION = YES;
				CLANG_WARN_COMMA = YES;
				CLANG_WARN_CONSTANT_CONVERSION = YES;
				CLANG_WARN_DEPRECATED_OBJC_IMPLEMENTATIONS = YES;
				CLANG_WARN_DIRECT_OBJC_ISA_USAGE = YES_ERROR;
				CLANG_WARN_DOCUMENTATION_COMMENTS = YES;
				CLANG_WARN_EMPTY_BODY = YES;
				CLANG_WARN_ENUM_CONVERSION = YES;
				CLANG_WARN_INFINITE_RECURSION = YES;
				CLANG_WARN_INT_CONVERSION = YES;
				CLANG_WARN_NON_LITERAL_NULL_CONVERSION = YES;
				CLANG_WARN_OBJC_IMPLICIT_RETAIN_SELF = YES;
				CLANG_WARN_OBJC_LITERAL_CONVERSION = YES;
				CLANG_WARN_OBJC_ROOT_CLASS = YES_ERROR;
				CLANG_WARN_QUOTED_INCLUDE_IN_FRAMEWORK_HEADER = YES;
				CLANG_WARN_RANGE_LOOP_ANALYSIS = YES;
				CLANG_WARN_STRICT_PROTOTYPES = YES;
				CLANG_WARN_SUSPICIOUS_MOVE = YES;
				CLANG_WARN_UNGUARDED_AVAILABILITY = YES_AGGRESSIVE;
				CLANG_WARN_UNREACHABLE_CODE = YES;
				CLANG_WARN__DUPLICATE_METHOD_MATCH = YES;
				COPY_PHASE_STRIP = NO;
				DEBUG_INFORMATION_FORMAT = dwarf;
				ENABLE_STRICT_OBJC_MSGSEND = YES;
				ENABLE_TESTABILITY = YES;
				ENABLE_USER_SCRIPT_SANDBOXING = YES;
				GCC_C_LANGUAGE_STANDARD = gnu17;
				GCC_DYNAMIC_NO_PIC = NO;
				GCC_NO_COMMON_BLOCKS = YES;
				GCC_OPTIMIZATION_LEVEL = 0;
				GCC_PREPROCESSOR_DEFINITIONS = (
					"DEBUG=1",
					"$(inherited)",
				);
				GCC_WARN_64_TO_32_BIT_CONVERSION = YES;
				GCC_WARN_ABOUT_RETURN_TYPE = YES_ERROR;
				GCC_WARN_UNDECLARED_SELECTOR = YES;
				GCC_WARN_UNINITIALIZED_AUTOS = YES_AGGRESSIVE;
				GCC_WARN_UNUSED_FUNCTION = YES;
				GCC_WARN_UNUSED_VARIABLE = YES;
				IPHONEOS_DEPLOYMENT_TARGET = 18.0;
				LOCALIZATION_PREFERS_STRING_CATALOGS = YES;
				MTL_ENABLE_DEBUG_INFO = INCLUDE_SOURCE;
				MTL_FAST_MATH = YES;
				ONLY_ACTIVE_ARCH = YES;
				SDKROOT = iphoneos;
				SWIFT_ACTIVE_COMPILATION_CONDITIONS = "DEBUG $(inherited)";
				SWIFT_OPTIMIZATION_LEVEL = "-Onone";
			};
			name = Debug;
		};
		CC134E682CC362A9000599FF /* Release */ = {
			isa = XCBuildConfiguration;
			buildSettings = {
				ALWAYS_SEARCH_USER_PATHS = NO;
				ASSETCATALOG_COMPILER_GENERATE_SWIFT_ASSET_SYMBOL_EXTENSIONS = YES;
				CLANG_ANALYZER_NONNULL = YES;
				CLANG_ANALYZER_NUMBER_OBJECT_CONVERSION = YES_AGGRESSIVE;
				CLANG_CXX_LANGUAGE_STANDARD = "gnu++20";
				CLANG_ENABLE_MODULES = YES;
				CLANG_ENABLE_OBJC_ARC = YES;
				CLANG_ENABLE_OBJC_WEAK = YES;
				CLANG_WARN_BLOCK_CAPTURE_AUTORELEASING = YES;
				CLANG_WARN_BOOL_CONVERSION = YES;
				CLANG_WARN_COMMA = YES;
				CLANG_WARN_CONSTANT_CONVERSION = YES;
				CLANG_WARN_DEPRECATED_OBJC_IMPLEMENTATIONS = YES;
				CLANG_WARN_DIRECT_OBJC_ISA_USAGE = YES_ERROR;
				CLANG_WARN_DOCUMENTATION_COMMENTS = YES;
				CLANG_WARN_EMPTY_BODY = YES;
				CLANG_WARN_ENUM_CONVERSION = YES;
				CLANG_WARN_INFINITE_RECURSION = YES;
				CLANG_WARN_INT_CONVERSION = YES;
				CLANG_WARN_NON_LITERAL_NULL_CONVERSION = YES;
				CLANG_WARN_OBJC_IMPLICIT_RETAIN_SELF = YES;
				CLANG_WARN_OBJC_LITERAL_CONVERSION = YES;
				CLANG_WARN_OBJC_ROOT_CLASS = YES_ERROR;
				CLANG_WARN_QUOTED_INCLUDE_IN_FRAMEWORK_HEADER = YES;
				CLANG_WARN_RANGE_LOOP_ANALYSIS = YES;
				CLANG_WARN_STRICT_PROTOTYPES = YES;
				CLANG_WARN_SUSPICIOUS_MOVE = YES;
				CLANG_WARN_UNGUARDED_AVAILABILITY = YES_AGGRESSIVE;
				CLANG_WARN_UNREACHABLE_CODE = YES;
				CLANG_WARN__DUPLICATE_METHOD_MATCH = YES;
				COPY_PHASE_STRIP = NO;
				DEBUG_INFORMATION_FORMAT = "dwarf-with-dsym";
				ENABLE_NS_ASSERTIONS = NO;
				ENABLE_STRICT_OBJC_MSGSEND = YES;
				ENABLE_USER_SCRIPT_SANDBOXING = YES;
				GCC_C_LANGUAGE_STANDARD = gnu17;
				GCC_NO_COMMON_BLOCKS = YES;
				GCC_WARN_64_TO_32_BIT_CONVERSION = YES;
				GCC_WARN_ABOUT_RETURN_TYPE = YES_ERROR;
				GCC_WARN_UNDECLARED_SELECTOR = YES;
				GCC_WARN_UNINITIALIZED_AUTOS = YES_AGGRESSIVE;
				GCC_WARN_UNUSED_FUNCTION = YES;
				GCC_WARN_UNUSED_VARIABLE = YES;
				IPHONEOS_DEPLOYMENT_TARGET = 18.0;
				LOCALIZATION_PREFERS_STRING_CATALOGS = YES;
				MTL_ENABLE_DEBUG_INFO = NO;
				MTL_FAST_MATH = YES;
				SDKROOT = iphoneos;
				SWIFT_COMPILATION_MODE = wholemodule;
				VALIDATE_PRODUCT = YES;
			};
			name = Release;
		};
		CC134E6A2CC362A9000599FF /* Debug */ = {
			isa = XCBuildConfiguration;
			buildSettings = {
				ASSETCATALOG_COMPILER_APPICON_NAME = AppIcon;
				ASSETCATALOG_COMPILER_GLOBAL_ACCENT_COLOR_NAME = AccentColor;
				CODE_SIGN_STYLE = Automatic;
				CURRENT_PROJECT_VERSION = 1;
				DEVELOPMENT_ASSET_PATHS = "\"pohang_egrets/Preview Content\"";
				DEVELOPMENT_TEAM = GKWM8Q6TMS;
				ENABLE_PREVIEWS = YES;
				GENERATE_INFOPLIST_FILE = YES;
				INFOPLIST_KEY_UIApplicationSceneManifest_Generation = YES;
				INFOPLIST_KEY_UIApplicationSupportsIndirectInputEvents = YES;
				INFOPLIST_KEY_UILaunchScreen_Generation = YES;
				INFOPLIST_KEY_UISupportedInterfaceOrientations_iPad = "UIInterfaceOrientationPortrait UIInterfaceOrientationPortraitUpsideDown UIInterfaceOrientationLandscapeLeft UIInterfaceOrientationLandscapeRight";
				INFOPLIST_KEY_UISupportedInterfaceOrientations_iPhone = "UIInterfaceOrientationPortrait UIInterfaceOrientationLandscapeLeft UIInterfaceOrientationLandscapeRight";
				IPHONEOS_DEPLOYMENT_TARGET = 17.0;
				LD_RUNPATH_SEARCH_PATHS = (
					"$(inherited)",
					"@executable_path/Frameworks",
				);
				MARKETING_VERSION = 1.0;
				PRODUCT_BUNDLE_IDENTIFIER = "com.WanJaeLee.pohang-egrets";
				PRODUCT_NAME = "$(TARGET_NAME)";
				SWIFT_EMIT_LOC_STRINGS = YES;
				SWIFT_VERSION = 5.0;
				TARGETED_DEVICE_FAMILY = "1,2";
			};
			name = Debug;
		};
		CC134E6B2CC362A9000599FF /* Release */ = {
			isa = XCBuildConfiguration;
			buildSettings = {
				ASSETCATALOG_COMPILER_APPICON_NAME = AppIcon;
				ASSETCATALOG_COMPILER_GLOBAL_ACCENT_COLOR_NAME = AccentColor;
				CODE_SIGN_STYLE = Automatic;
				CURRENT_PROJECT_VERSION = 1;
				DEVELOPMENT_ASSET_PATHS = "\"pohang_egrets/Preview Content\"";
				DEVELOPMENT_TEAM = GKWM8Q6TMS;
				ENABLE_PREVIEWS = YES;
				GENERATE_INFOPLIST_FILE = YES;
				INFOPLIST_KEY_UIApplicationSceneManifest_Generation = YES;
				INFOPLIST_KEY_UIApplicationSupportsIndirectInputEvents = YES;
				INFOPLIST_KEY_UILaunchScreen_Generation = YES;
				INFOPLIST_KEY_UISupportedInterfaceOrientations_iPad = "UIInterfaceOrientationPortrait UIInterfaceOrientationPortraitUpsideDown UIInterfaceOrientationLandscapeLeft UIInterfaceOrientationLandscapeRight";
				INFOPLIST_KEY_UISupportedInterfaceOrientations_iPhone = "UIInterfaceOrientationPortrait UIInterfaceOrientationLandscapeLeft UIInterfaceOrientationLandscapeRight";
				IPHONEOS_DEPLOYMENT_TARGET = 17.0;
				LD_RUNPATH_SEARCH_PATHS = (
					"$(inherited)",
					"@executable_path/Frameworks",
				);
				MARKETING_VERSION = 1.0;
				PRODUCT_BUNDLE_IDENTIFIER = "com.WanJaeLee.pohang-egrets";
				PRODUCT_NAME = "$(TARGET_NAME)";
				SWIFT_EMIT_LOC_STRINGS = YES;
				SWIFT_VERSION = 5.0;
				TARGETED_DEVICE_FAMILY = "1,2";
			};
			name = Release;
		};
		CC134E6D2CC362A9000599FF /* Debug */ = {
			isa = XCBuildConfiguration;
			buildSettings = {
				BUNDLE_LOADER = "$(TEST_HOST)";
				CODE_SIGN_STYLE = Automatic;
				CURRENT_PROJECT_VERSION = 1;
				DEVELOPMENT_TEAM = GKWM8Q6TMS;
				GENERATE_INFOPLIST_FILE = YES;
				IPHONEOS_DEPLOYMENT_TARGET = 18.0;
				MARKETING_VERSION = 1.0;
				PRODUCT_BUNDLE_IDENTIFIER = "com.WanJaeLee.pohang-egretsTests";
				PRODUCT_NAME = "$(TARGET_NAME)";
				SWIFT_EMIT_LOC_STRINGS = NO;
				SWIFT_VERSION = 5.0;
				TARGETED_DEVICE_FAMILY = "1,2";
				TEST_HOST = "$(BUILT_PRODUCTS_DIR)/pohang_egrets.app/$(BUNDLE_EXECUTABLE_FOLDER_PATH)/pohang_egrets";
			};
			name = Debug;
		};
		CC134E6E2CC362A9000599FF /* Release */ = {
			isa = XCBuildConfiguration;
			buildSettings = {
				BUNDLE_LOADER = "$(TEST_HOST)";
				CODE_SIGN_STYLE = Automatic;
				CURRENT_PROJECT_VERSION = 1;
				DEVELOPMENT_TEAM = GKWM8Q6TMS;
				GENERATE_INFOPLIST_FILE = YES;
				IPHONEOS_DEPLOYMENT_TARGET = 18.0;
				MARKETING_VERSION = 1.0;
				PRODUCT_BUNDLE_IDENTIFIER = "com.WanJaeLee.pohang-egretsTests";
				PRODUCT_NAME = "$(TARGET_NAME)";
				SWIFT_EMIT_LOC_STRINGS = NO;
				SWIFT_VERSION = 5.0;
				TARGETED_DEVICE_FAMILY = "1,2";
				TEST_HOST = "$(BUILT_PRODUCTS_DIR)/pohang_egrets.app/$(BUNDLE_EXECUTABLE_FOLDER_PATH)/pohang_egrets";
			};
			name = Release;
		};
		CC134E702CC362A9000599FF /* Debug */ = {
			isa = XCBuildConfiguration;
			buildSettings = {
				CODE_SIGN_STYLE = Automatic;
				CURRENT_PROJECT_VERSION = 1;
				DEVELOPMENT_TEAM = GKWM8Q6TMS;
				GENERATE_INFOPLIST_FILE = YES;
				MARKETING_VERSION = 1.0;
				PRODUCT_BUNDLE_IDENTIFIER = "com.WanJaeLee.pohang-egretsUITests";
				PRODUCT_NAME = "$(TARGET_NAME)";
				SWIFT_EMIT_LOC_STRINGS = NO;
				SWIFT_VERSION = 5.0;
				TARGETED_DEVICE_FAMILY = "1,2";
				TEST_TARGET_NAME = pohang_egrets;
			};
			name = Debug;
		};
		CC134E712CC362A9000599FF /* Release */ = {
			isa = XCBuildConfiguration;
			buildSettings = {
				CODE_SIGN_STYLE = Automatic;
				CURRENT_PROJECT_VERSION = 1;
				DEVELOPMENT_TEAM = GKWM8Q6TMS;
				GENERATE_INFOPLIST_FILE = YES;
				MARKETING_VERSION = 1.0;
				PRODUCT_BUNDLE_IDENTIFIER = "com.WanJaeLee.pohang-egretsUITests";
				PRODUCT_NAME = "$(TARGET_NAME)";
				SWIFT_EMIT_LOC_STRINGS = NO;
				SWIFT_VERSION = 5.0;
				TARGETED_DEVICE_FAMILY = "1,2";
				TEST_TARGET_NAME = pohang_egrets;
			};
			name = Release;
		};
		CC134E9F2CC365DC000599FF /* Debug */ = {
			isa = XCBuildConfiguration;
			buildSettings = {
				ASSETCATALOG_COMPILER_APPICON_NAME = AppIcon;
				ASSETCATALOG_COMPILER_GLOBAL_ACCENT_COLOR_NAME = AccentColor;
				CODE_SIGN_STYLE = Automatic;
				CURRENT_PROJECT_VERSION = 1;
				DEVELOPMENT_ASSET_PATHS = "\"pohang_egrets/Preview Content\"";
				DEVELOPMENT_TEAM = GKWM8Q6TMS;
				ENABLE_PREVIEWS = YES;
				GENERATE_INFOPLIST_FILE = YES;
				INFOPLIST_KEY_CFBundleDisplayName = pohang_egrets_watch;
				INFOPLIST_KEY_UISupportedInterfaceOrientations = "UIInterfaceOrientationPortrait UIInterfaceOrientationPortraitUpsideDown";
				INFOPLIST_KEY_WKCompanionAppBundleIdentifier = "com.WanJaeLee.pohang-egrets";
				LD_RUNPATH_SEARCH_PATHS = (
					"$(inherited)",
					"@executable_path/Frameworks",
				);
				MARKETING_VERSION = 1.0;
				PRODUCT_BUNDLE_IDENTIFIER = "com.WanJaeLee.pohang-egrets.watchkitapp";
				PRODUCT_NAME = "$(TARGET_NAME)";
				SDKROOT = watchos;
				SKIP_INSTALL = YES;
				SWIFT_EMIT_LOC_STRINGS = YES;
				SWIFT_VERSION = 5.0;
				TARGETED_DEVICE_FAMILY = 4;
				WATCHOS_DEPLOYMENT_TARGET = 10.0;
			};
			name = Debug;
		};
		CC134EA02CC365DC000599FF /* Release */ = {
			isa = XCBuildConfiguration;
			buildSettings = {
				ASSETCATALOG_COMPILER_APPICON_NAME = AppIcon;
				ASSETCATALOG_COMPILER_GLOBAL_ACCENT_COLOR_NAME = AccentColor;
				CODE_SIGN_STYLE = Automatic;
				CURRENT_PROJECT_VERSION = 1;
				DEVELOPMENT_ASSET_PATHS = "\"pohang_egrets/Preview Content\"";
				DEVELOPMENT_TEAM = GKWM8Q6TMS;
				ENABLE_PREVIEWS = YES;
				GENERATE_INFOPLIST_FILE = YES;
				INFOPLIST_KEY_CFBundleDisplayName = pohang_egrets_watch;
				INFOPLIST_KEY_UISupportedInterfaceOrientations = "UIInterfaceOrientationPortrait UIInterfaceOrientationPortraitUpsideDown";
				INFOPLIST_KEY_WKCompanionAppBundleIdentifier = "com.WanJaeLee.pohang-egrets";
				LD_RUNPATH_SEARCH_PATHS = (
					"$(inherited)",
					"@executable_path/Frameworks",
				);
				MARKETING_VERSION = 1.0;
				PRODUCT_BUNDLE_IDENTIFIER = "com.WanJaeLee.pohang-egrets.watchkitapp";
				PRODUCT_NAME = "$(TARGET_NAME)";
				SDKROOT = watchos;
				SKIP_INSTALL = YES;
				SWIFT_EMIT_LOC_STRINGS = YES;
				SWIFT_VERSION = 5.0;
				TARGETED_DEVICE_FAMILY = 4;
				WATCHOS_DEPLOYMENT_TARGET = 10.0;
			};
			name = Release;
		};
		CC134EA32CC365DC000599FF /* Debug */ = {
			isa = XCBuildConfiguration;
			buildSettings = {
				BUNDLE_LOADER = "$(TEST_HOST)";
				CODE_SIGN_STYLE = Automatic;
				CURRENT_PROJECT_VERSION = 1;
				DEVELOPMENT_TEAM = GKWM8Q6TMS;
				GENERATE_INFOPLIST_FILE = YES;
				MARKETING_VERSION = 1.0;
				PRODUCT_BUNDLE_IDENTIFIER = "com.WanJaeLee.pohang-egrets-watch-Watch-AppTests";
				PRODUCT_NAME = "$(TARGET_NAME)";
				SDKROOT = watchos;
				SWIFT_EMIT_LOC_STRINGS = NO;
				SWIFT_VERSION = 5.0;
				TARGETED_DEVICE_FAMILY = 4;
				TEST_HOST = "$(BUILT_PRODUCTS_DIR)/pohang_egrets_watch Watch App.app/$(BUNDLE_EXECUTABLE_FOLDER_PATH)/pohang_egrets_watch Watch App";
				WATCHOS_DEPLOYMENT_TARGET = 11.0;
			};
			name = Debug;
		};
		CC134EA42CC365DC000599FF /* Release */ = {
			isa = XCBuildConfiguration;
			buildSettings = {
				BUNDLE_LOADER = "$(TEST_HOST)";
				CODE_SIGN_STYLE = Automatic;
				CURRENT_PROJECT_VERSION = 1;
				DEVELOPMENT_TEAM = GKWM8Q6TMS;
				GENERATE_INFOPLIST_FILE = YES;
				MARKETING_VERSION = 1.0;
				PRODUCT_BUNDLE_IDENTIFIER = "com.WanJaeLee.pohang-egrets-watch-Watch-AppTests";
				PRODUCT_NAME = "$(TARGET_NAME)";
				SDKROOT = watchos;
				SWIFT_EMIT_LOC_STRINGS = NO;
				SWIFT_VERSION = 5.0;
				TARGETED_DEVICE_FAMILY = 4;
				TEST_HOST = "$(BUILT_PRODUCTS_DIR)/pohang_egrets_watch Watch App.app/$(BUNDLE_EXECUTABLE_FOLDER_PATH)/pohang_egrets_watch Watch App";
				WATCHOS_DEPLOYMENT_TARGET = 11.0;
			};
			name = Release;
		};
		CC134EA62CC365DC000599FF /* Debug */ = {
			isa = XCBuildConfiguration;
			buildSettings = {
				CODE_SIGN_STYLE = Automatic;
				CURRENT_PROJECT_VERSION = 1;
				DEVELOPMENT_TEAM = GKWM8Q6TMS;
				GENERATE_INFOPLIST_FILE = YES;
				MARKETING_VERSION = 1.0;
				PRODUCT_BUNDLE_IDENTIFIER = "com.WanJaeLee.pohang-egrets-watch-Watch-AppUITests";
				PRODUCT_NAME = "$(TARGET_NAME)";
				SDKROOT = watchos;
				SWIFT_EMIT_LOC_STRINGS = NO;
				SWIFT_VERSION = 5.0;
				TARGETED_DEVICE_FAMILY = 4;
				TEST_TARGET_NAME = "pohang_egrets_watch Watch App";
				WATCHOS_DEPLOYMENT_TARGET = 11.0;
			};
			name = Debug;
		};
		CC134EA72CC365DC000599FF /* Release */ = {
			isa = XCBuildConfiguration;
			buildSettings = {
				CODE_SIGN_STYLE = Automatic;
				CURRENT_PROJECT_VERSION = 1;
				DEVELOPMENT_TEAM = GKWM8Q6TMS;
				GENERATE_INFOPLIST_FILE = YES;
				MARKETING_VERSION = 1.0;
				PRODUCT_BUNDLE_IDENTIFIER = "com.WanJaeLee.pohang-egrets-watch-Watch-AppUITests";
				PRODUCT_NAME = "$(TARGET_NAME)";
				SDKROOT = watchos;
				SWIFT_EMIT_LOC_STRINGS = NO;
				SWIFT_VERSION = 5.0;
				TARGETED_DEVICE_FAMILY = 4;
				TEST_TARGET_NAME = "pohang_egrets_watch Watch App";
				WATCHOS_DEPLOYMENT_TARGET = 11.0;
			};
			name = Release;
		};
/* End XCBuildConfiguration section */

/* Begin XCConfigurationList section */
		CC134E402CC362A8000599FF /* Build configuration list for PBXProject "pohang_egrets" */ = {
			isa = XCConfigurationList;
			buildConfigurations = (
				CC134E672CC362A9000599FF /* Debug */,
				CC134E682CC362A9000599FF /* Release */,
			);
			defaultConfigurationIsVisible = 0;
			defaultConfigurationName = Release;
		};
		CC134E692CC362A9000599FF /* Build configuration list for PBXNativeTarget "pohang_egrets" */ = {
			isa = XCConfigurationList;
			buildConfigurations = (
				CC134E6A2CC362A9000599FF /* Debug */,
				CC134E6B2CC362A9000599FF /* Release */,
			);
			defaultConfigurationIsVisible = 0;
			defaultConfigurationName = Release;
		};
		CC134E6C2CC362A9000599FF /* Build configuration list for PBXNativeTarget "pohang_egretsTests" */ = {
			isa = XCConfigurationList;
			buildConfigurations = (
				CC134E6D2CC362A9000599FF /* Debug */,
				CC134E6E2CC362A9000599FF /* Release */,
			);
			defaultConfigurationIsVisible = 0;
			defaultConfigurationName = Release;
		};
		CC134E6F2CC362A9000599FF /* Build configuration list for PBXNativeTarget "pohang_egretsUITests" */ = {
			isa = XCConfigurationList;
			buildConfigurations = (
				CC134E702CC362A9000599FF /* Debug */,
				CC134E712CC362A9000599FF /* Release */,
			);
			defaultConfigurationIsVisible = 0;
			defaultConfigurationName = Release;
		};
		CC134E9E2CC365DC000599FF /* Build configuration list for PBXNativeTarget "pohang_egrets_watch Watch App" */ = {
			isa = XCConfigurationList;
			buildConfigurations = (
				CC134E9F2CC365DC000599FF /* Debug */,
				CC134EA02CC365DC000599FF /* Release */,
			);
			defaultConfigurationIsVisible = 0;
			defaultConfigurationName = Release;
		};
		CC134EA22CC365DC000599FF /* Build configuration list for PBXNativeTarget "pohang_egrets_watch Watch AppTests" */ = {
			isa = XCConfigurationList;
			buildConfigurations = (
				CC134EA32CC365DC000599FF /* Debug */,
				CC134EA42CC365DC000599FF /* Release */,
			);
			defaultConfigurationIsVisible = 0;
			defaultConfigurationName = Release;
		};
		CC134EA52CC365DC000599FF /* Build configuration list for PBXNativeTarget "pohang_egrets_watch Watch AppUITests" */ = {
			isa = XCConfigurationList;
			buildConfigurations = (
				CC134EA62CC365DC000599FF /* Debug */,
				CC134EA72CC365DC000599FF /* Release */,
			);
			defaultConfigurationIsVisible = 0;
			defaultConfigurationName = Release;
		};
/* End XCConfigurationList section */
	};
	rootObject = CC134E3D2CC362A8000599FF /* Project object */;
}
